// !$*UTF8*$!
{
	archiveVersion = 1;
	classes = {
	};
	objectVersion = 48;
	objects = {

/* Begin PBXBuildFile section */
		7F92AA4920424A3B00F2524F /* AppDelegate.swift in Sources */ = {isa = PBXBuildFile; fileRef = 7F92AA4820424A3B00F2524F /* AppDelegate.swift */; };
		7F92AA4B20424A3B00F2524F /* WelcomeVC.swift in Sources */ = {isa = PBXBuildFile; fileRef = 7F92AA4A20424A3B00F2524F /* WelcomeVC.swift */; };
		7F92AA4E20424A3B00F2524F /* Main.storyboard in Resources */ = {isa = PBXBuildFile; fileRef = 7F92AA4C20424A3B00F2524F /* Main.storyboard */; };
		7F92AA5020424A3B00F2524F /* Assets.xcassets in Resources */ = {isa = PBXBuildFile; fileRef = 7F92AA4F20424A3B00F2524F /* Assets.xcassets */; };
		7F92AA5320424A3B00F2524F /* LaunchScreen.storyboard in Resources */ = {isa = PBXBuildFile; fileRef = 7F92AA5120424A3B00F2524F /* LaunchScreen.storyboard */; };
		7F92AA5C2042FDA200F2524F /* BorderButton.swift in Sources */ = {isa = PBXBuildFile; fileRef = 7F92AA5B2042FDA200F2524F /* BorderButton.swift */; };
		7F92AA7C2044F73700F2524F /* SkillVC.swift in Sources */ = {isa = PBXBuildFile; fileRef = 7F92AA7B2044F73700F2524F /* SkillVC.swift */; };
		7F92AA7E2044F7AA00F2524F /* LeagueVC.swift in Sources */ = {isa = PBXBuildFile; fileRef = 7F92AA7D2044F7AA00F2524F /* LeagueVC.swift */; };
/* End PBXBuildFile section */

/* Begin PBXFileReference section */
		7F92AA4520424A3B00F2524F /* swoosh2.app */ = {isa = PBXFileReference; explicitFileType = wrapper.application; includeInIndex = 0; path = swoosh2.app; sourceTree = BUILT_PRODUCTS_DIR; };
		7F92AA4820424A3B00F2524F /* AppDelegate.swift */ = {isa = PBXFileReference; lastKnownFileType = sourcecode.swift; path = AppDelegate.swift; sourceTree = "<group>"; };
		7F92AA4A20424A3B00F2524F /* WelcomeVC.swift */ = {isa = PBXFileReference; lastKnownFileType = sourcecode.swift; path = WelcomeVC.swift; sourceTree = "<group>"; };
		7F92AA4D20424A3B00F2524F /* Base */ = {isa = PBXFileReference; lastKnownFileType = file.storyboard; name = Base; path = Base.lproj/Main.storyboard; sourceTree = "<group>"; };
		7F92AA4F20424A3B00F2524F /* Assets.xcassets */ = {isa = PBXFileReference; lastKnownFileType = folder.assetcatalog; path = Assets.xcassets; sourceTree = "<group>"; };
		7F92AA5220424A3B00F2524F /* Base */ = {isa = PBXFileReference; lastKnownFileType = file.storyboard; name = Base; path = Base.lproj/LaunchScreen.storyboard; sourceTree = "<group>"; };
		7F92AA5420424A3B00F2524F /* Info.plist */ = {isa = PBXFileReference; lastKnownFileType = text.plist.xml; path = Info.plist; sourceTree = "<group>"; };
		7F92AA5B2042FDA200F2524F /* BorderButton.swift */ = {isa = PBXFileReference; lastKnownFileType = sourcecode.swift; path = BorderButton.swift; sourceTree = "<group>"; };
		7F92AA7B2044F73700F2524F /* SkillVC.swift */ = {isa = PBXFileReference; lastKnownFileType = sourcecode.swift; path = SkillVC.swift; sourceTree = "<group>"; };
		7F92AA7D2044F7AA00F2524F /* LeagueVC.swift */ = {isa = PBXFileReference; lastKnownFileType = sourcecode.swift; path = LeagueVC.swift; sourceTree = "<group>"; };
/* End PBXFileReference section */

/* Begin PBXFrameworksBuildPhase section */
		7F92AA4220424A3B00F2524F /* Frameworks */ = {
			isa = PBXFrameworksBuildPhase;
			buildActionMask = 2147483647;
			files = (
			);
			runOnlyForDeploymentPostprocessing = 0;
		};
/* End PBXFrameworksBuildPhase section */

/* Begin PBXGroup section */
		7F92AA3C20424A3B00F2524F = {
			isa = PBXGroup;
			children = (
				7F92AA4720424A3B00F2524F /* swoosh2 */,
				7F92AA4620424A3B00F2524F /* Products */,
			);
			sourceTree = "<group>";
		};
		7F92AA4620424A3B00F2524F /* Products */ = {
			isa = PBXGroup;
			children = (
				7F92AA4520424A3B00F2524F /* swoosh2.app */,
			);
			name = Products;
			sourceTree = "<group>";
		};
		7F92AA4720424A3B00F2524F /* swoosh2 */ = {
			isa = PBXGroup;
			children = (
				7F92AA5A2042FD7C00F2524F /* Model */,
				7F92AA7F2046437C00F2524F /* View */,
				7F92AA802046438500F2524F /* Controller */,
				7F92AA4820424A3B00F2524F /* AppDelegate.swift */,
				7F92AA4C20424A3B00F2524F /* Main.storyboard */,
				7F92AA4F20424A3B00F2524F /* Assets.xcassets */,
				7F92AA5120424A3B00F2524F /* LaunchScreen.storyboard */,
				7F92AA5420424A3B00F2524F /* Info.plist */,
			);
			path = swoosh2;
			sourceTree = "<group>";
		};
		7F92AA5A2042FD7C00F2524F /* Model */ = {
			isa = PBXGroup;
			children = (
				7F92AA5B2042FDA200F2524F /* BorderButton.swift */,
			);
			path = Model;
			sourceTree = "<group>";
		};
		7F92AA7F2046437C00F2524F /* View */ = {
			isa = PBXGroup;
			children = (
				7F92AA4A20424A3B00F2524F /* WelcomeVC.swift */,
				7F92AA7D2044F7AA00F2524F /* LeagueVC.swift */,
				7F92AA7B2044F73700F2524F /* SkillVC.swift */,
			);
			path = View;
			sourceTree = "<group>";
		};
		7F92AA802046438500F2524F /* Controller */ = {
			isa = PBXGroup;
			children = (
			);
			path = Controller;
			sourceTree = "<group>";
		};
/* End PBXGroup section */

/* Begin PBXNativeTarget section */
		7F92AA4420424A3B00F2524F /* swoosh2 */ = {
			isa = PBXNativeTarget;
			buildConfigurationList = 7F92AA5720424A3B00F2524F /* Build configuration list for PBXNativeTarget "swoosh2" */;
			buildPhases = (
				7F92AA4120424A3B00F2524F /* Sources */,
				7F92AA4220424A3B00F2524F /* Frameworks */,
				7F92AA4320424A3B00F2524F /* Resources */,
			);
			buildRules = (
			);
			dependencies = (
			);
			name = swoosh2;
			productName = swoosh2;
			productReference = 7F92AA4520424A3B00F2524F /* swoosh2.app */;
			productType = "com.apple.product-type.application";
		};
/* End PBXNativeTarget section */

/* Begin PBXProject section */
		7F92AA3D20424A3B00F2524F /* Project object */ = {
			isa = PBXProject;
			attributes = {
				LastSwiftUpdateCheck = 0920;
				LastUpgradeCheck = 0920;
				ORGANIZATIONNAME = "Response Apps, Inc.";
				TargetAttributes = {
					7F92AA4420424A3B00F2524F = {
						CreatedOnToolsVersion = 9.2;
						ProvisioningStyle = Automatic;
					};
				};
			};
			buildConfigurationList = 7F92AA4020424A3B00F2524F /* Build configuration list for PBXProject "swoosh2" */;
			compatibilityVersion = "Xcode 8.0";
			developmentRegion = en;
			hasScannedForEncodings = 0;
			knownRegions = (
				en,
				Base,
			);
			mainGroup = 7F92AA3C20424A3B00F2524F;
			productRefGroup = 7F92AA4620424A3B00F2524F /* Products */;
			projectDirPath = "";
			projectRoot = "";
			targets = (
				7F92AA4420424A3B00F2524F /* swoosh2 */,
			);
		};
/* End PBXProject section */

/* Begin PBXResourcesBuildPhase section */
		7F92AA4320424A3B00F2524F /* Resources */ = {
			isa = PBXResourcesBuildPhase;
			buildActionMask = 2147483647;
			files = (
				7F92AA5320424A3B00F2524F /* LaunchScreen.storyboard in Resources */,
				7F92AA5020424A3B00F2524F /* Assets.xcassets in Resources */,
				7F92AA4E20424A3B00F2524F /* Main.storyboard in Resources */,
			);
			runOnlyForDeploymentPostprocessing = 0;
		};
/* End PBXResourcesBuildPhase section */

/* Begin PBXSourcesBuildPhase section */
		7F92AA4120424A3B00F2524F /* Sources */ = {
			isa = PBXSourcesBuildPhase;
			buildActionMask = 2147483647;
			files = (
				7F92AA4B20424A3B00F2524F /* WelcomeVC.swift in Sources */,
				7F92AA4920424A3B00F2524F /* AppDelegate.swift in Sources */,
				7F92AA7E2044F7AA00F2524F /* LeagueVC.swift in Sources */,
				7F92AA7C2044F73700F2524F /* SkillVC.swift in Sources */,
				7F92AA5C2042FDA200F2524F /* BorderButton.swift in Sources */,
			);
			runOnlyForDeploymentPostprocessing = 0;
		};
/* End PBXSourcesBuildPhase section */

/* Begin PBXVariantGroup section */
		7F92AA4C20424A3B00F2524F /* Main.storyboard */ = {
			isa = PBXVariantGroup;
			children = (
				7F92AA4D20424A3B00F2524F /* Base */,
			);
			name = Main.storyboard;
			sourceTree = "<group>";
		};
		7F92AA5120424A3B00F2524F /* LaunchScreen.storyboard */ = {
			isa = PBXVariantGroup;
			children = (
				7F92AA5220424A3B00F2524F /* Base */,
			);
			name = LaunchScreen.storyboard;
			sourceTree = "<group>";
		};
/* End PBXVariantGroup section */

/* Begin XCBuildConfiguration section */
		7F92AA5520424A3B00F2524F /* Debug */ = {
			isa = XCBuildConfiguration;
			buildSettings = {
				ALWAYS_SEARCH_USER_PATHS = NO;
				CLANG_ANALYZER_NONNULL = YES;
				CLANG_ANALYZER_NUMBER_OBJECT_CONVERSION = YES_AGGRESSIVE;
				CLANG_CXX_LANGUAGE_STANDARD = "gnu++14";
				CLANG_CXX_LIBRARY = "libc++";
				CLANG_ENABLE_MODULES = YES;
				CLANG_ENABLE_OBJC_ARC = YES;
				CLANG_WARN_BLOCK_CAPTURE_AUTORELEASING = YES;
				CLANG_WARN_BOOL_CONVERSION = YES;
				CLANG_WARN_COMMA = YES;
				CLANG_WARN_CONSTANT_CONVERSION = YES;
				CLANG_WARN_DIRECT_OBJC_ISA_USAGE = YES_ERROR;
				CLANG_WARN_DOCUMENTATION_COMMENTS = YES;
				CLANG_WARN_EMPTY_BODY = YES;
				CLANG_WARN_ENUM_CONVERSION = YES;
				CLANG_WARN_INFINITE_RECURSION = YES;
				CLANG_WARN_INT_CONVERSION = YES;
				CLANG_WARN_NON_LITERAL_NULL_CONVERSION = YES;
				CLANG_WARN_OBJC_LITERAL_CONVERSION = YES;
				CLANG_WARN_OBJC_ROOT_CLASS = YES_ERROR;
				CLANG_WARN_RANGE_LOOP_ANALYSIS = YES;
				CLANG_WARN_STRICT_PROTOTYPES = YES;
				CLANG_WARN_SUSPICIOUS_MOVE = YES;
				CLANG_WARN_UNGUARDED_AVAILABILITY = YES_AGGRESSIVE;
				CLANG_WARN_UNREACHABLE_CODE = YES;
				CLANG_WARN__DUPLICATE_METHOD_MATCH = YES;
				CODE_SIGN_IDENTITY = "iPhone Developer";
				COPY_PHASE_STRIP = NO;
				DEBUG_INFORMATION_FORMAT = dwarf;
				ENABLE_STRICT_OBJC_MSGSEND = YES;
				ENABLE_TESTABILITY = YES;
				GCC_C_LANGUAGE_STANDARD = gnu11;
				GCC_DYNAMIC_NO_PIC = NO;
				GCC_NO_COMMON_BLOCKS = YES;
				GCC_OPTIMIZATION_LEVEL = 0;
				GCC_PREPROCESSOR_DEFINITIONS = (
					"DEBUG=1",
					"$(inherited)",
				);
				GCC_WARN_64_TO_32_BIT_CONVERSION = YES;
				GCC_WARN_ABOUT_RETURN_TYPE = YES_ERROR;
				GCC_WARN_UNDECLARED_SELECTOR = YES;
				GCC_WARN_UNINITIALIZED_AUTOS = YES_AGGRESSIVE;
				GCC_WARN_UNUSED_FUNCTION = YES;
				GCC_WARN_UNUSED_VARIABLE = YES;
				IPHONEOS_DEPLOYMENT_TARGET = 11.2;
				MTL_ENABLE_DEBUG_INFO = YES;
				ONLY_ACTIVE_ARCH = YES;
				SDKROOT = iphoneos;
				SWIFT_ACTIVE_COMPILATION_CONDITIONS = DEBUG;
				SWIFT_OPTIMIZATION_LEVEL = "-Onone";
			};
			name = Debug;
		};
		7F92AA5620424A3B00F2524F /* Release */ = {
			isa = XCBuildConfiguration;
			buildSettings = {
				ALWAYS_SEARCH_USER_PATHS = NO;
				CLANG_ANALYZER_NONNULL = YES;
				CLANG_ANALYZER_NUMBER_OBJECT_CONVERSION = YES_AGGRESSIVE;
				CLANG_CXX_LANGUAGE_STANDARD = "gnu++14";
				CLANG_CXX_LIBRARY = "libc++";
				CLANG_ENABLE_MODULES = YES;
				CLANG_ENABLE_OBJC_ARC = YES;
				CLANG_WARN_BLOCK_CAPTURE_AUTORELEASING = YES;
				CLANG_WARN_BOOL_CONVERSION = YES;
				CLANG_WARN_COMMA = YES;
				CLANG_WARN_CONSTANT_CONVERSION = YES;
				CLANG_WARN_DIRECT_OBJC_ISA_USAGE = YES_ERROR;
				CLANG_WARN_DOCUMENTATION_COMMENTS = YES;
				CLANG_WARN_EMPTY_BODY = YES;
				CLANG_WARN_ENUM_CONVERSION = YES;
				CLANG_WARN_INFINITE_RECURSION = YES;
				CLANG_WARN_INT_CONVERSION = YES;
				CLANG_WARN_NON_LITERAL_NULL_CONVERSION = YES;
				CLANG_WARN_OBJC_LITERAL_CONVERSION = YES;
				CLANG_WARN_OBJC_ROOT_CLASS = YES_ERROR;
				CLANG_WARN_RANGE_LOOP_ANALYSIS = YES;
				CLANG_WARN_STRICT_PROTOTYPES = YES;
				CLANG_WARN_SUSPICIOUS_MOVE = YES;
				CLANG_WARN_UNGUARDED_AVAILABILITY = YES_AGGRESSIVE;
				CLANG_WARN_UNREACHABLE_CODE = YES;
				CLANG_WARN__DUPLICATE_METHOD_MATCH = YES;
				CODE_SIGN_IDENTITY = "iPhone Developer";
				COPY_PHASE_STRIP = NO;
				DEBUG_INFORMATION_FORMAT = "dwarf-with-dsym";
				ENABLE_NS_ASSERTIONS = NO;
				ENABLE_STRICT_OBJC_MSGSEND = YES;
				GCC_C_LANGUAGE_STANDARD = gnu11;
				GCC_NO_COMMON_BLOCKS = YES;
				GCC_WARN_64_TO_32_BIT_CONVERSION = YES;
				GCC_WARN_ABOUT_RETURN_TYPE = YES_ERROR;
				GCC_WARN_UNDECLARED_SELECTOR = YES;
				GCC_WARN_UNINITIALIZED_AUTOS = YES_AGGRESSIVE;
				GCC_WARN_UNUSED_FUNCTION = YES;
				GCC_WARN_UNUSED_VARIABLE = YES;
				IPHONEOS_DEPLOYMENT_TARGET = 11.2;
				MTL_ENABLE_DEBUG_INFO = NO;
				SDKROOT = iphoneos;
				SWIFT_OPTIMIZATION_LEVEL = "-Owholemodule";
				VALIDATE_PRODUCT = YES;
			};
			name = Release;
		};
		7F92AA5820424A3B00F2524F /* Debug */ = {
			isa = XCBuildConfiguration;
			buildSettings = {
				ASSETCATALOG_COMPILER_APPICON_NAME = AppIcon;
				CODE_SIGN_STYLE = Automatic;
				DEVELOPMENT_TEAM = 3XFJDQDJF4;
				INFOPLIST_FILE = swoosh2/Info.plist;
				LD_RUNPATH_SEARCH_PATHS = "$(inherited) @executable_path/Frameworks";
				PRODUCT_BUNDLE_IDENTIFIER = com.responseapps.swoosh2;
				PRODUCT_NAME = "$(TARGET_NAME)";
				SWIFT_VERSION = 4.0;
				TARGETED_DEVICE_FAMILY = "1,2";
			};
			name = Debug;
		};
		7F92AA5920424A3B00F2524F /* Release */ = {
			isa = XCBuildConfiguration;
			buildSettings = {
				ASSETCATALOG_COMPILER_APPICON_NAME = AppIcon;
				CODE_SIGN_STYLE = Automatic;
				DEVELOPMENT_TEAM = 3XFJDQDJF4;
				INFOPLIST_FILE = swoosh2/Info.plist;
				LD_RUNPATH_SEARCH_PATHS = "$(inherited) @executable_path/Frameworks";
				PRODUCT_BUNDLE_IDENTIFIER = com.responseapps.swoosh2;
				PRODUCT_NAME = "$(TARGET_NAME)";
				SWIFT_VERSION = 4.0;
				TARGETED_DEVICE_FAMILY = "1,2";
			};
			name = Release;
		};
/* End XCBuildConfiguration section */

/* Begin XCConfigurationList section */
		7F92AA4020424A3B00F2524F /* Build configuration list for PBXProject "swoosh2" */ = {
			isa = XCConfigurationList;
			buildConfigurations = (
				7F92AA5520424A3B00F2524F /* Debug */,
				7F92AA5620424A3B00F2524F /* Release */,
			);
			defaultConfigurationIsVisible = 0;
			defaultConfigurationName = Release;
		};
		7F92AA5720424A3B00F2524F /* Build configuration list for PBXNativeTarget "swoosh2" */ = {
			isa = XCConfigurationList;
			buildConfigurations = (
				7F92AA5820424A3B00F2524F /* Debug */,
				7F92AA5920424A3B00F2524F /* Release */,
			);
			defaultConfigurationIsVisible = 0;
			defaultConfigurationName = Release;
		};
/* End XCConfigurationList section */
	};
	rootObject = 7F92AA3D20424A3B00F2524F /* Project object */;
}
